
Microsoft Visual Studio Solution File, Format Version 12.00
# Visual Studio Version 16
VisualStudioVersion = 16.0.28531.58
MinimumVisualStudioVersion = 10.0.40219.1
Project("{FAE04EC0-301F-11D3-BF4B-00C04F79EFBC}") = "TestConsole", "TestConsole\TestConsole.csproj", "{D460C277-0214-40DA-81F6-7B7BA0C9C437}"
EndProject
Project("{2150E333-8FDC-42A3-9474-1A3956D46DE8}") = "Test", "Test", "{198772F2-97A0-4752-B9F2-A1280D5D30C3}"
EndProject
Project("{FAE04EC0-301F-11D3-BF4B-00C04F79EFBC}") = "MailSender", "MailSender\MailSender.csproj", "{33514A17-C842-49D4-8867-34E8C5180950}"
EndProject
Project("{FAE04EC0-301F-11D3-BF4B-00C04F79EFBC}") = "WpfTestMailSender", "WpfTestMailSender\WpfTestMailSender.csproj", "{632A42A3-48D3-4228-8A46-0C4CBFF56D3A}"
EndProject
Project("{FAE04EC0-301F-11D3-BF4B-00C04F79EFBC}") = "MailSender.lib", "MailSender.lib\MailSender.lib.csproj", "{CEDD5452-EC4C-4255-B941-6DB87ED85B98}"
EndProject
Global
	GlobalSection(SolutionConfigurationPlatforms) = preSolution
		Debug|Any CPU = Debug|Any CPU
		Release|Any CPU = Release|Any CPU
	EndGlobalSection
	GlobalSection(ProjectConfigurationPlatforms) = postSolution
		{D460C277-0214-40DA-81F6-7B7BA0C9C437}.Debug|Any CPU.ActiveCfg = Debug|Any CPU
		{D460C277-0214-40DA-81F6-7B7BA0C9C437}.Debug|Any CPU.Build.0 = Debug|Any CPU
		{D460C277-0214-40DA-81F6-7B7BA0C9C437}.Release|Any CPU.ActiveCfg = Release|Any CPU
		{D460C277-0214-40DA-81F6-7B7BA0C9C437}.Release|Any CPU.Build.0 = Release|Any CPU
		{33514A17-C842-49D4-8867-34E8C5180950}.Debug|Any CPU.ActiveCfg = Debug|Any CPU
		{33514A17-C842-49D4-8867-34E8C5180950}.Debug|Any CPU.Build.0 = Debug|Any CPU
		{33514A17-C842-49D4-8867-34E8C5180950}.Release|Any CPU.ActiveCfg = Release|Any CPU
		{33514A17-C842-49D4-8867-34E8C5180950}.Release|Any CPU.Build.0 = Release|Any CPU
		{632A42A3-48D3-4228-8A46-0C4CBFF56D3A}.Debug|Any CPU.ActiveCfg = Debug|Any CPU
		{632A42A3-48D3-4228-8A46-0C4CBFF56D3A}.Debug|Any CPU.Build.0 = Debug|Any CPU
		{632A42A3-48D3-4228-8A46-0C4CBFF56D3A}.Release|Any CPU.ActiveCfg = Release|Any CPU
		{632A42A3-48D3-4228-8A46-0C4CBFF56D3A}.Release|Any CPU.Build.0 = Release|Any CPU
		{CEDD5452-EC4C-4255-B941-6DB87ED85B98}.Debug|Any CPU.ActiveCfg = Debug|Any CPU
		{CEDD5452-EC4C-4255-B941-6DB87ED85B98}.Debug|Any CPU.Build.0 = Debug|Any CPU
		{CEDD5452-EC4C-4255-B941-6DB87ED85B98}.Release|Any CPU.ActiveCfg = Release|Any CPU
		{CEDD5452-EC4C-4255-B941-6DB87ED85B98}.Release|Any CPU.Build.0 = Release|Any CPU
	EndGlobalSection
	GlobalSection(SolutionProperties) = preSolution
		HideSolutionNode = FALSE
	EndGlobalSection
	GlobalSection(NestedProjects) = preSolution
		{D460C277-0214-40DA-81F6-7B7BA0C9C437} = {198772F2-97A0-4752-B9F2-A1280D5D30C3}
		{632A42A3-48D3-4228-8A46-0C4CBFF56D3A} = {198772F2-97A0-4752-B9F2-A1280D5D30C3}
	EndGlobalSection
	GlobalSection(ExtensibilityGlobals) = postSolution
		SolutionGuid = {1F9AACE4-8A09-490B-892E-03E16CFD9A9D}
	EndGlobalSection
EndGlobal
